
Microsoft Visual Studio Solution File, Format Version 12.00
# Visual Studio Version 17
VisualStudioVersion = 17.0.31903.59
MinimumVisualStudioVersion = 10.0.40219.1
Project("{FAE04EC0-301F-11D3-BF4B-00C04F79EFBC}") = "PaymentContext.Domain", "PaymentContext.Domain\PaymentContext.Domain.csproj", "{8C232523-A87F-4FDC-A734-147C6B531F8F}"
EndProject
Project("{FAE04EC0-301F-11D3-BF4B-00C04F79EFBC}") = "PaymentContext.Shared", "PaymentContext.Shared\PaymentContext.Shared.csproj", "{260FCD63-86D8-409B-B179-4F60BDB52F97}"
EndProject
Project("{FAE04EC0-301F-11D3-BF4B-00C04F79EFBC}") = "PaymentContext.Tests", "PaymentContext.Tests\PaymentContext.Tests.csproj", "{46CDBC61-146A-4B44-899B-B3E0E9DC9650}"
EndProject
Global
	GlobalSection(SolutionConfigurationPlatforms) = preSolution
		Debug|Any CPU = Debug|Any CPU
		Release|Any CPU = Release|Any CPU
	EndGlobalSection
	GlobalSection(SolutionProperties) = preSolution
		HideSolutionNode = FALSE
	EndGlobalSection
	GlobalSection(ProjectConfigurationPlatforms) = postSolution
		{8C232523-A87F-4FDC-A734-147C6B531F8F}.Debug|Any CPU.ActiveCfg = Debug|Any CPU
		{8C232523-A87F-4FDC-A734-147C6B531F8F}.Debug|Any CPU.Build.0 = Debug|Any CPU
		{8C232523-A87F-4FDC-A734-147C6B531F8F}.Release|Any CPU.ActiveCfg = Release|Any CPU
		{8C232523-A87F-4FDC-A734-147C6B531F8F}.Release|Any CPU.Build.0 = Release|Any CPU
		{260FCD63-86D8-409B-B179-4F60BDB52F97}.Debug|Any CPU.ActiveCfg = Debug|Any CPU
		{260FCD63-86D8-409B-B179-4F60BDB52F97}.Debug|Any CPU.Build.0 = Debug|Any CPU
		{260FCD63-86D8-409B-B179-4F60BDB52F97}.Release|Any CPU.ActiveCfg = Release|Any CPU
		{260FCD63-86D8-409B-B179-4F60BDB52F97}.Release|Any CPU.Build.0 = Release|Any CPU
		{46CDBC61-146A-4B44-899B-B3E0E9DC9650}.Debug|Any CPU.ActiveCfg = Debug|Any CPU
		{46CDBC61-146A-4B44-899B-B3E0E9DC9650}.Debug|Any CPU.Build.0 = Debug|Any CPU
		{46CDBC61-146A-4B44-899B-B3E0E9DC9650}.Release|Any CPU.ActiveCfg = Release|Any CPU
		{46CDBC61-146A-4B44-899B-B3E0E9DC9650}.Release|Any CPU.Build.0 = Release|Any CPU
	EndGlobalSection
EndGlobal
